
Microsoft Visual Studio Solution File, Format Version 12.00
# Visual Studio Version 16
VisualStudioVersion = 16.0.28705.295
MinimumVisualStudioVersion = 15.0.26124.0
Project("{9A19103F-16F7-4668-BE54-9A1E7A4F7556}") = "Ubiety.Dns.Core", "src\Ubiety.Dns.Core\Ubiety.Dns.Core.csproj", "{479864C2-F29B-40E4-987B-577D189C3D08}"
EndProject
Project("{9A19103F-16F7-4668-BE54-9A1E7A4F7556}") = "Dns.Sample", "src\Dns.Sample\Dns.Sample.csproj", "{581DA1E6-CBE8-4622-BBB0-8ED2A08A247E}"
EndProject
Project("{9A19103F-16F7-4668-BE54-9A1E7A4F7556}") = "Ubiety.Dns.Test", "test\Ubiety.Dns.Test\Ubiety.Dns.Test.csproj", "{CE01CFDB-8AC6-4847-981F-75C37DEFCCCC}"
EndProject
Global
	GlobalSection(SolutionConfigurationPlatforms) = preSolution
		Debug|Any CPU = Debug|Any CPU
		Debug|x64 = Debug|x64
		Debug|x86 = Debug|x86
		Release|Any CPU = Release|Any CPU
		Release|x64 = Release|x64
		Release|x86 = Release|x86
	EndGlobalSection
	GlobalSection(ProjectConfigurationPlatforms) = postSolution
		{479864C2-F29B-40E4-987B-577D189C3D08}.Debug|Any CPU.ActiveCfg = Debug|Any CPU
		{479864C2-F29B-40E4-987B-577D189C3D08}.Debug|Any CPU.Build.0 = Debug|Any CPU
		{479864C2-F29B-40E4-987B-577D189C3D08}.Debug|x64.ActiveCfg = Debug|Any CPU
		{479864C2-F29B-40E4-987B-577D189C3D08}.Debug|x64.Build.0 = Debug|Any CPU
		{479864C2-F29B-40E4-987B-577D189C3D08}.Debug|x86.ActiveCfg = Debug|Any CPU
		{479864C2-F29B-40E4-987B-577D189C3D08}.Debug|x86.Build.0 = Debug|Any CPU
		{479864C2-F29B-40E4-987B-577D189C3D08}.Release|Any CPU.ActiveCfg = Release|Any CPU
		{479864C2-F29B-40E4-987B-577D189C3D08}.Release|Any CPU.Build.0 = Release|Any CPU
		{479864C2-F29B-40E4-987B-577D189C3D08}.Release|x64.ActiveCfg = Release|Any CPU
		{479864C2-F29B-40E4-987B-577D189C3D08}.Release|x64.Build.0 = Release|Any CPU
		{479864C2-F29B-40E4-987B-577D189C3D08}.Release|x86.ActiveCfg = Release|Any CPU
		{479864C2-F29B-40E4-987B-577D189C3D08}.Release|x86.Build.0 = Release|Any CPU
		{581DA1E6-CBE8-4622-BBB0-8ED2A08A247E}.Debug|Any CPU.ActiveCfg = Debug|Any CPU
		{581DA1E6-CBE8-4622-BBB0-8ED2A08A247E}.Debug|Any CPU.Build.0 = Debug|Any CPU
		{581DA1E6-CBE8-4622-BBB0-8ED2A08A247E}.Debug|x64.ActiveCfg = Debug|Any CPU
		{581DA1E6-CBE8-4622-BBB0-8ED2A08A247E}.Debug|x64.Build.0 = Debug|Any CPU
		{581DA1E6-CBE8-4622-BBB0-8ED2A08A247E}.Debug|x86.ActiveCfg = Debug|Any CPU
		{581DA1E6-CBE8-4622-BBB0-8ED2A08A247E}.Debug|x86.Build.0 = Debug|Any CPU
		{581DA1E6-CBE8-4622-BBB0-8ED2A08A247E}.Release|Any CPU.ActiveCfg = Release|Any CPU
		{581DA1E6-CBE8-4622-BBB0-8ED2A08A247E}.Release|Any CPU.Build.0 = Release|Any CPU
		{581DA1E6-CBE8-4622-BBB0-8ED2A08A247E}.Release|x64.ActiveCfg = Release|Any CPU
		{581DA1E6-CBE8-4622-BBB0-8ED2A08A247E}.Release|x64.Build.0 = Release|Any CPU
		{581DA1E6-CBE8-4622-BBB0-8ED2A08A247E}.Release|x86.ActiveCfg = Release|Any CPU
		{581DA1E6-CBE8-4622-BBB0-8ED2A08A247E}.Release|x86.Build.0 = Release|Any CPU
		{CE01CFDB-8AC6-4847-981F-75C37DEFCCCC}.Debug|Any CPU.ActiveCfg = Debug|Any CPU
		{CE01CFDB-8AC6-4847-981F-75C37DEFCCCC}.Debug|Any CPU.Build.0 = Debug|Any CPU
		{CE01CFDB-8AC6-4847-981F-75C37DEFCCCC}.Debug|x64.ActiveCfg = Debug|Any CPU
		{CE01CFDB-8AC6-4847-981F-75C37DEFCCCC}.Debug|x64.Build.0 = Debug|Any CPU
		{CE01CFDB-8AC6-4847-981F-75C37DEFCCCC}.Debug|x86.ActiveCfg = Debug|Any CPU
		{CE01CFDB-8AC6-4847-981F-75C37DEFCCCC}.Debug|x86.Build.0 = Debug|Any CPU
		{CE01CFDB-8AC6-4847-981F-75C37DEFCCCC}.Release|Any CPU.ActiveCfg = Release|Any CPU
		{CE01CFDB-8AC6-4847-981F-75C37DEFCCCC}.Release|Any CPU.Build.0 = Release|Any CPU
		{CE01CFDB-8AC6-4847-981F-75C37DEFCCCC}.Release|x64.ActiveCfg = Release|Any CPU
		{CE01CFDB-8AC6-4847-981F-75C37DEFCCCC}.Release|x64.Build.0 = Release|Any CPU
		{CE01CFDB-8AC6-4847-981F-75C37DEFCCCC}.Release|x86.ActiveCfg = Release|Any CPU
		{CE01CFDB-8AC6-4847-981F-75C37DEFCCCC}.Release|x86.Build.0 = Release|Any CPU
	EndGlobalSection
	GlobalSection(SolutionProperties) = preSolution
		HideSolutionNode = FALSE
	EndGlobalSection
	GlobalSection(ExtensibilityGlobals) = postSolution
		SolutionGuid = {A0DE11E1-425B-4C0A-8996-B67EB0B5350E}
	EndGlobalSection
EndGlobal
